github.com/beorn7/perks v1.0.1 h1:VlbKKnNfV8bJzeqoa4cOKqO6bYr3WgKZxO8Z16+hsOM=
github.com/beorn7/perks v1.0.1/go.mod h1:G2ZrVWU2WbWT9wwq4/hrbKbnv/1ERSJQ0ibhJ6rlkpw=
github.com/cespare/xxhash/v2 v2.2.0 h1:DC2CZ1Ep5Y4k3ZQ899DldepgrayRUGE6BBZ/cd9Cj44=
github.com/cespare/xxhash/v2 v2.2.0/go.mod h1:VGX0DQ3Q6kWi7AoAeZDth3/j3BFtOZR5XLFGgcrjCOs=
github.com/davecgh/go-spew v1.1.1 h1:vj9j/u1bqnvCEfJOwUhtlOARqs3+rkHYY13jYWTU97c=
github.com/dustin/go-humanize v1.0.1 h1:GzkhY7T5VNhEkwH0PVJgjz+fX1rhBrR7pRT3mDkpeCY=
github.com/dustin/go-humanize v1.0.1/go.mod h1:Mu1zIs6XwVuF/gI1OepvI0qD18qycQx+mFykh5fBlto=
github.com/golang/protobuf v1.2.0/go.mod h1:6lQm79b+lXiMfvg/cZm0SGofjICqVBUtrP5yJMmIC1U=
github.com/golang/protobuf v1.5.0/go.mod h1:FsONVRAS9T7sI+LIUmWTfcYkHO4aIWwzhcaSAoJOfIk=
github.com/golang/protobuf v1.5.3 h1:KhyjKVUg7Usr/dYsdSqoFveMYd5ko72D+zANwlG1mmg=
github.com/golang/protobuf v1.5.3/go.mod h1:XVQd3VNwM+JqD3oG2Ue2ip4fOMUkwXdXDdiuN0vRsmY=
github.com/google/go-cmp v0.5.5/go.mod h1:v8dTdLbMG2kIc/vJvl+f65V22dbkXbowE6jgT/gNBxE=
github.com/google/go-cmp v0.5.9 h1:O2Tfq5qg4qc4AmwVlvv0oLiVAGB7enBSJ2x2DqQFi38=
github.com/kr/pretty v0.3.1 h1:flRD4NNwYAUpkphVc1HcthR4KEIFJ65n8Mw5qdRn3LE=
github.com/kr/text v0.2.0 h1:5Nx0Ya0ZqY2ygV366QzturHI13Jq95ApcVaJBhpS+AY=
github.com/lib/pq v1.10.9 h1:YXG7RB+JIjhP29X+OtkiDnYaXQwpS4JEWq7dtCCRUEw=
github.com/lib/pq v1.10.9/go.mod h1:AlVN5x4E4T544tWzH6hKfbfQvm3HdbOxrmggDNAPY9o=
github.com/matttproud/golang_protobuf_extensions v1.0.4 h1:mmDVorXM7PCGKw94cs5zkfA9PSy5pEvNWRP0ET0TIVo=
github.com/matttproud/golang_protobuf_extensions v1.0.4/go.mod h1:BSXmuO+STAnVfrANrmjBb36TMTDstsz7MSK+HVaYKv4=
github.com/prometheus/client_golang v1.17.0 h1:rl2sfwZMtSthVU752MqfjQozy7blglC+1SOtjMAMh+Q=
github.com/prometheus/client_golang v1.17.0/go.mod h1:VeL+gMmOAxkS2IqfCq0ZmHSL+LjWfWDUmp1mBz9JgUY=
github.com/prometheus/client_model v0.5.0 h1:VQw1hfvPvk3Uv6Qf29VrPF32JB6rtbgI6cYPYQjL0Qw=
github.com/prometheus/client_model v0.5.0/go.mod h1:dTiFglRmd66nLR9Pv9f0mZi7B7fk5Pm3gvsjB5tr+kI=
github.com/prometheus/common v0.44.0 h1:+5BrQJwiBB9xsMygAB3TNvpQKOwlkc25LbISbrdOOfY=
github.com/prometheus/common v0.44.0/go.mod h1:ofAIvZbQ1e/nugmZGz4/qCb9Ap1VoSTIO7x0VV9VvuY=
github.com/prometheus/procfs v0.12.0 h1:jluTpSng7V9hY0O2R9DzzJHYb2xULk9VTR1V1R/k6Bo=
github.com/prometheus/procfs v0.12.0/go.mod h1:pcuDEFsWDnvcgNzo4EEweacyhjeA9Zk3cnaOZAZEfOo=
github.com/rogpeppe/go-internal v1.10.0 h1:TMyTOH3F/DB16zRVcYyreMH6GnZZrwQVAoYjRBZyWFQ=
golang.conradwood.net/apis/artefact v1.1.2675 h1:03XIPjexrlXSbLb3h7PqpcMdV4fKz4M0fcQMO/pH8IA=
golang.conradwood.net/apis/artefact v1.1.2675/go.mod h1:LPS67eBNAqa59n56AX/CMaE8zJd0+wow/7HdgtCWZ9c=
golang.conradwood.net/apis/auth v1.1.2676 h1:UcUHsqGGWrwStDOZFJNs0l6fXZPPwlIif7QZlbvyayE=
golang.conradwood.net/apis/auth v1.1.2676/go.mod h1:1c97f4jX08xHQGXwHBOcO3jD1zpatARYhVwT5n01Ng0=
golang.conradwood.net/apis/autodeployer v1.1.2675 h1:A/xwjXQ0mEx9NHdEwCj98Tcwewx19ch9+EmCMhaTMOM=
golang.conradwood.net/apis/autodeployer v1.1.2675/go.mod h1:NCwHufR87Go/R4ldarZ+2I3Qr5pd+VziZwgnPFODMho=
golang.conradwood.net/apis/buildrepo v1.1.2675 h1:PriY2b9t/b6+FsG0ET5hvu8Rj7x4C8PpD8mjL6HKy9A=
golang.conradwood.net/apis/buildrepo v1.1.2675/go.mod h1:KRGOq28ht11/oM2pijggpvcEuIsqrgHuZrjd0jJwFBs=
golang.conradwood.net/apis/common v1.1.2676 h1:34XBrfQJ5+VWuJE3xWrf/ODCKJ5LbjhrThV/cxt9YR4=
golang.conradwood.net/apis/common v1.1.2676/go.mod h1:sLQkQb9frC14BrSBnDTcc/8r6aZVK7Ff+wuRbJ11CLw=
golang.conradwood.net/apis/deploymonkey v1.1.2675 h1:tTdSHyfxBCfl93G5axJ7+HbMtM67yjkuQgE7tt2VLKc=
golang.conradwood.net/apis/deploymonkey v1.1.2675/go.mod h1:hlogc+wEeiKZeUy6DlPL+fz1hvNK480XpF8RtZThQEM=
golang.conradwood.net/apis/echoservice v1.1.2675 h1:5xhplCZYNuIt6OnYORHxjrrMke8YDlfPlBmQplrc2yk=
golang.conradwood.net/apis/echoservice v1.1.2675/go.mod h1:sS4lqdaCzxr7UYWD6OXLZPhlo1K3tE78nV11H9veVgU=
golang.conradwood.net/apis/errorlogger v1.1.2675 h1:pkP5CgqV6wtZHLOBfmCUWrKYpGS9qOF9hSkGgnEI3uI=
golang.conradwood.net/apis/errorlogger v1.1.2675/go.mod h1:rhmoRutb/XXhVoPhFTeDMrbcRCGWuyQUZu5J17f8faY=
golang.conradwood.net/apis/framework v1.1.2675 h1:vGkHvgb/DHZBEOm6Ujkh9hcC58gi4LOVojfAb4km0lg=
golang.conradwood.net/apis/framework v1.1.2675/go.mod h1:Wk0hDmL9ZM1HoOE97m5lSmUdRuXJGxRVb0HUL3nQ9k4=
golang.conradwood.net/apis/gitbuilder v1.1.2675 h1:nwNTzuj045KVjwAtJyERr0ZyaArDXOS9EzvZQiWnLSc=
golang.conradwood.net/apis/gitbuilder v1.1.2675/go.mod h1:MnhwQem1HShP/T7zPqQLacvGm426KlNFrTU5bFKOUKk=
golang.conradwood.net/apis/goeasyops v1.1.2676 h1:O0Nqz/jIx6/JPxdpWyvS/iOaaz9iBfwBAHb5OsDYsXM=
golang.conradwood.net/apis/goeasyops v1.1.2676/go.mod h1:wfcRMIityKlx20g/RH5chTYyWa6TT2iGAvdLytZYzNw=
golang.conradwood.net/apis/h2gproxy v1.1.2675 h1:1plJXr6MqvmeYRaXzO5YFIfEqCblk27SOnkfsxjQms4=
golang.conradwood.net/apis/h2gproxy v1.1.2675/go.mod h1:jPwFbJPXVxB6ml6ZWVuHddUKrIds9RokJR9mY2g8idg=
golang.conradwood.net/apis/objectauth v1.1.2675 h1:WTUd8VS2b6/GUO1UG7rRjuXeTs0/4ciP0VqBcytbyec=
golang.conradwood.net/apis/objectauth v1.1.2675/go.mod h1:+pC1LLR/CFQ3owseGxBgZfPMbAZ7gjzVCSJnNj3H8Dc=
golang.conradwood.net/apis/objectstore v1.1.2675 h1:waWOwDNavRPwr70NOmhWbdNv9v75Sr+fj6dR7Aj2zkU=
golang.conradwood.net/apis/objectstore v1.1.2675/go.mod h1:irIVBp1Yg1rT3eAVcUujHEsrwzBpam7LawHK+OpcOfg=
golang.conradwood.net/apis/registry v1.1.2675 h1:lkjZBKUaPuot1j4SS5rqPBsFby8Sa4IK27obrfTS1Rw=
golang.conradwood.net/apis/registry v1.1.2675/go.mod h1:owJyB3LRs5ETgQyGSg8oafpMdsDqEQolW+FiiQSzRJ0=
golang.conradwood.net/apis/slackgateway v1.1.2675 h1:j0PSnkGJ8h8oAyFZJCXXe/gOy9QZG3zG4qOcVCjQ+PE=
golang.conradwood.net/apis/slackgateway v1.1.2675/go.mod h1:6RxNVLQaw+H/H62h/NPW5Bx9lj0efplqkOmkHKEOqc4=
golang.conradwood.net/go-easyops v0.1.22053 h1:8NVYmWa0FpCNueZgvkjT3KjGWzcv3jNi2tXOBLxvsT8=
golang.conradwood.net/go-easyops v0.1.22053/go.mod h1:FVonA5DssCyFdKLtrlLM7na4zUs4NUtYsEV18faLFcg=
golang.org/x/net v0.17.0 h1:pVaXccu2ozPjCXewfr1S7xza/zcXTity9cCdXQYSjIM=
golang.org/x/net v0.17.0/go.mod h1:NxSsAGuq816PNPmqtQdLE42eU2Fs7NoRIZrHJAlaCOE=
golang.org/x/sync v0.0.0-20181221193216-37e7f081c4d4/go.mod h1:RxMgew5VJxzue5/jJTE5uejpjVlOe/izrB70Jof72aM=
golang.org/x/sys v0.13.0 h1:Af8nKPmuFypiUBjVoU9V20FiaFXOcuZI21p0ycVYYGE=
golang.org/x/sys v0.13.0/go.mod h1:oPkhp1MJrh7nUepCBck5+mAzfO9JrbApNNgaTdGDITg=
golang.org/x/text v0.13.0 h1:ablQoSUd0tRdKxZewP80B+BaqeKJuVhuRxj/dkrun3k=
golang.org/x/text v0.13.0/go.mod h1:TvPlkZtksWOMsz7fbANvkp4WM8x/WCo/om8BMLbz+aE=
golang.org/x/xerrors v0.0.0-20191204190536-9bdfabe68543/go.mod h1:I/5z698sn9Ka8TeJc9MKroUUfqBBauWjQqLJ2OPfmY0=
golang.yacloud.eu/apis/fscache v1.1.2675 h1:+7DradcDbiQaaaUWveftb4xpsGNQON45t78oa5iQIPE=
golang.yacloud.eu/apis/fscache v1.1.2675/go.mod h1:zaWa51hAGUtfzgdoJJkEjSc7Gar1YcbA/e4lVZPX8O4=
golang.yacloud.eu/apis/session v1.1.2676 h1:+6ABSvSr1evdfcgaE6asUSgLWrsgujiVzJ+VB26/mCw=
golang.yacloud.eu/apis/session v1.1.2676/go.mod h1:IR5VVs1/ffT4lSglGZU+OZC7YmAxgen7eoJEwHNNWp8=
golang.yacloud.eu/apis/urlcacher v1.1.2675 h1:6MuBl8IO0EIDhJdIWzNNOMuhNjBHwuOhYAYyQsXBPnY=
golang.yacloud.eu/apis/urlcacher v1.1.2675/go.mod h1:j5JMAwMPHr+mu4DIXK+TMTY1mVpKsFkEq/yqTGqIf8k=
google.golang.org/genproto/googleapis/rpc v0.0.0-20230711160842-782d3b101e98 h1:bVf09lpb+OJbByTj913DRJioFFAjf/ZGxEz7MajTp2U=
google.golang.org/genproto/googleapis/rpc v0.0.0-20230711160842-782d3b101e98/go.mod h1:TUfxEVdsvPg18p6AslUXFoLdpED4oBnGwyqk3dV1XzM=
google.golang.org/grpc v1.58.3 h1:BjnpXut1btbtgN/6sp+brB2Kbm2LjNXnidYujAVbSoQ=
google.golang.org/grpc v1.58.3/go.mod h1:tgX3ZQDlNJGU96V6yHh1T/JeoBQ2TXdr43YbYSsCJk0=
google.golang.org/protobuf v1.26.0-rc.1/go.mod h1:jlhhOSvTdKEhbULTjvd4ARK9grFBp09yW+WbY/TyQbw=
google.golang.org/protobuf v1.26.0/go.mod h1:9q0QmTI4eRPtz6boOQmLYwt+qCgq0jsYwAQnmE0givc=
google.golang.org/protobuf v1.31.0 h1:g0LDEJHgrBl9N9r17Ru3sqWhkIx2NB67okBHPwC7hs8=
google.golang.org/protobuf v1.31.0/go.mod h1:HV8QOd/L58Z+nl8r43ehVNZIU/HEI6OcFqwMG9pJV4I=
gopkg.in/check.v1 v0.0.0-20161208181325-20d25e280405/go.mod h1:Co6ibVJAznAaIkqp8huTwlJQCZ016jof/cbN4VW5Yz0=
gopkg.in/check.v1 v1.0.0-20201130134442-10cb98267c6c h1:Hei/4ADfdWqJk1ZMxUNpqntNwaWcugrBjAiHlqqRiVk=
gopkg.in/yaml.v2 v2.4.0 h1:D8xgwECY7CYvx+Y2n4sBz93Jn9JRvxdiyyo8CTfuKaY=
gopkg.in/yaml.v2 v2.4.0/go.mod h1:RDklbk79AGWmwhnvt/jBztapEOGDOx6ZbXqjP6csGnQ=
