github.com/beorn7/perks v1.0.1 h1:VlbKKnNfV8bJzeqoa4cOKqO6bYr3WgKZxO8Z16+hsOM=
github.com/beorn7/perks v1.0.1/go.mod h1:G2ZrVWU2WbWT9wwq4/hrbKbnv/1ERSJQ0ibhJ6rlkpw=
github.com/cespare/xxhash/v2 v2.2.0 h1:DC2CZ1Ep5Y4k3ZQ899DldepgrayRUGE6BBZ/cd9Cj44=
github.com/cespare/xxhash/v2 v2.2.0/go.mod h1:VGX0DQ3Q6kWi7AoAeZDth3/j3BFtOZR5XLFGgcrjCOs=
github.com/davecgh/go-spew v1.1.1 h1:vj9j/u1bqnvCEfJOwUhtlOARqs3+rkHYY13jYWTU97c=
github.com/dustin/go-humanize v1.0.1 h1:GzkhY7T5VNhEkwH0PVJgjz+fX1rhBrR7pRT3mDkpeCY=
github.com/dustin/go-humanize v1.0.1/go.mod h1:Mu1zIs6XwVuF/gI1OepvI0qD18qycQx+mFykh5fBlto=
github.com/golang/protobuf v1.2.0/go.mod h1:6lQm79b+lXiMfvg/cZm0SGofjICqVBUtrP5yJMmIC1U=
github.com/golang/protobuf v1.5.0/go.mod h1:FsONVRAS9T7sI+LIUmWTfcYkHO4aIWwzhcaSAoJOfIk=
github.com/golang/protobuf v1.5.3 h1:KhyjKVUg7Usr/dYsdSqoFveMYd5ko72D+zANwlG1mmg=
github.com/golang/protobuf v1.5.3/go.mod h1:XVQd3VNwM+JqD3oG2Ue2ip4fOMUkwXdXDdiuN0vRsmY=
github.com/google/go-cmp v0.5.5/go.mod h1:v8dTdLbMG2kIc/vJvl+f65V22dbkXbowE6jgT/gNBxE=
github.com/google/go-cmp v0.5.9 h1:O2Tfq5qg4qc4AmwVlvv0oLiVAGB7enBSJ2x2DqQFi38=
github.com/kr/pretty v0.3.1 h1:flRD4NNwYAUpkphVc1HcthR4KEIFJ65n8Mw5qdRn3LE=
github.com/kr/text v0.2.0 h1:5Nx0Ya0ZqY2ygV366QzturHI13Jq95ApcVaJBhpS+AY=
github.com/lib/pq v1.10.9 h1:YXG7RB+JIjhP29X+OtkiDnYaXQwpS4JEWq7dtCCRUEw=
github.com/lib/pq v1.10.9/go.mod h1:AlVN5x4E4T544tWzH6hKfbfQvm3HdbOxrmggDNAPY9o=
github.com/matttproud/golang_protobuf_extensions v1.0.4 h1:mmDVorXM7PCGKw94cs5zkfA9PSy5pEvNWRP0ET0TIVo=
github.com/matttproud/golang_protobuf_extensions v1.0.4/go.mod h1:BSXmuO+STAnVfrANrmjBb36TMTDstsz7MSK+HVaYKv4=
github.com/matttproud/golang_protobuf_extensions/v2 v2.0.0 h1:jWpvCLoY8Z/e3VKvlsiIGKtc+UG6U5vzxaoagmhXfyg=
github.com/matttproud/golang_protobuf_extensions/v2 v2.0.0/go.mod h1:QUyp042oQthUoa9bqDv0ER0wrtXnBruoNd7aNjkbP+k=
github.com/prometheus/client_golang v1.17.0 h1:rl2sfwZMtSthVU752MqfjQozy7blglC+1SOtjMAMh+Q=
github.com/prometheus/client_golang v1.17.0/go.mod h1:VeL+gMmOAxkS2IqfCq0ZmHSL+LjWfWDUmp1mBz9JgUY=
github.com/prometheus/client_golang v1.18.0 h1:HzFfmkOzH5Q8L8G+kSJKUx5dtG87sewO+FoDDqP5Tbk=
github.com/prometheus/client_golang v1.18.0/go.mod h1:T+GXkCk5wSJyOqMIzVgvvjFDlkOQntgjkJWKrN5txjA=
github.com/prometheus/client_model v0.5.0 h1:VQw1hfvPvk3Uv6Qf29VrPF32JB6rtbgI6cYPYQjL0Qw=
github.com/prometheus/client_model v0.5.0/go.mod h1:dTiFglRmd66nLR9Pv9f0mZi7B7fk5Pm3gvsjB5tr+kI=
github.com/prometheus/common v0.44.0 h1:+5BrQJwiBB9xsMygAB3TNvpQKOwlkc25LbISbrdOOfY=
github.com/prometheus/common v0.44.0/go.mod h1:ofAIvZbQ1e/nugmZGz4/qCb9Ap1VoSTIO7x0VV9VvuY=
github.com/prometheus/common v0.45.0 h1:2BGz0eBc2hdMDLnO/8n0jeB3oPrt2D08CekT0lneoxM=
github.com/prometheus/common v0.45.0/go.mod h1:YJmSTw9BoKxJplESWWxlbyttQR4uaEcGyv9MZjVOJsY=
github.com/prometheus/procfs v0.12.0 h1:jluTpSng7V9hY0O2R9DzzJHYb2xULk9VTR1V1R/k6Bo=
github.com/prometheus/procfs v0.12.0/go.mod h1:pcuDEFsWDnvcgNzo4EEweacyhjeA9Zk3cnaOZAZEfOo=
github.com/rogpeppe/go-internal v1.10.0 h1:TMyTOH3F/DB16zRVcYyreMH6GnZZrwQVAoYjRBZyWFQ=
golang.conradwood.net/apis/artefact v1.1.2675 h1:03XIPjexrlXSbLb3h7PqpcMdV4fKz4M0fcQMO/pH8IA=
golang.conradwood.net/apis/artefact v1.1.2675/go.mod h1:LPS67eBNAqa59n56AX/CMaE8zJd0+wow/7HdgtCWZ9c=
golang.conradwood.net/apis/artefact v1.1.2778 h1:qmLVDQ4nyZTAEnsrPm2ZZP8lXsbt379z/EL16IRykmo=
golang.conradwood.net/apis/artefact v1.1.2778/go.mod h1:T9fnZ7IwqJDiHq9v0fuzhStRQ0eJfTket3FR/1nRhdI=
golang.conradwood.net/apis/auth v1.1.2712 h1:2LY0fRP7XTAeSN5HZI5KY0N4b/rKs9sCgiVNnpPzu3w=
golang.conradwood.net/apis/auth v1.1.2712/go.mod h1:u93pj/WdqpKQkWKctsUXHclCYfriKb3nmSW/UnEL3eM=
golang.conradwood.net/apis/auth v1.1.2778 h1:QCqpsAdvYMRQedO7BHVN7ZKVYKqyfOb2jASt9Q/jkTo=
golang.conradwood.net/apis/auth v1.1.2778/go.mod h1:BzvD6VwLjrOm0849sRr6lGih4DJpdgHqnYIBJdjuzG0=
golang.conradwood.net/apis/autodeployer v1.1.2675 h1:A/xwjXQ0mEx9NHdEwCj98Tcwewx19ch9+EmCMhaTMOM=
golang.conradwood.net/apis/autodeployer v1.1.2675/go.mod h1:NCwHufR87Go/R4ldarZ+2I3Qr5pd+VziZwgnPFODMho=
golang.conradwood.net/apis/autodeployer v1.1.2778 h1:GlhABrOUumw+yJZNLX6ZkVVjnDYUOUmMuriju6ZIIkA=
golang.conradwood.net/apis/autodeployer v1.1.2778/go.mod h1:Xbc9XuzgW0GtncuIk4SrbZ5Iu5AZsjWHn/XYbT/D6c0=
golang.conradwood.net/apis/buildrepo v1.1.2675 h1:PriY2b9t/b6+FsG0ET5hvu8Rj7x4C8PpD8mjL6HKy9A=
golang.conradwood.net/apis/buildrepo v1.1.2675/go.mod h1:KRGOq28ht11/oM2pijggpvcEuIsqrgHuZrjd0jJwFBs=
golang.conradwood.net/apis/buildrepo v1.1.2778 h1:QG1EXe1DibNhXN9dfB+s8lEbQQM9uMhzd+bNAIDa/nw=
golang.conradwood.net/apis/buildrepo v1.1.2778/go.mod h1:tFUKsZUv9/OsNDqJMGbZB6lNIvo4mG/MJkxL1swMGJ4=
golang.conradwood.net/apis/common v1.1.2712 h1:t4QcQyWnaENKBgxIOEv6Ou8CWIr3G2lBvMNMhIGzG+I=
golang.conradwood.net/apis/common v1.1.2712/go.mod h1:zNALBVj0ra0E7IniA7+WQ4WTngp7VvORc5Z3D0k1Pfc=
golang.conradwood.net/apis/common v1.1.2778 h1:Nh0LMyecLptLbPghMfn3iRTJjCStuTRNpIPw48XBFN0=
golang.conradwood.net/apis/common v1.1.2778/go.mod h1:4xgr+RKNFYds4SpASKT0X7W/U2UxilWqt5gd/Bels84=
golang.conradwood.net/apis/deploymonkey v1.1.2675 h1:tTdSHyfxBCfl93G5axJ7+HbMtM67yjkuQgE7tt2VLKc=
golang.conradwood.net/apis/deploymonkey v1.1.2675/go.mod h1:hlogc+wEeiKZeUy6DlPL+fz1hvNK480XpF8RtZThQEM=
golang.conradwood.net/apis/deploymonkey v1.1.2778 h1:JCAueM8W8sc1pXNcWajb0+kD5wSVFOqvAHVDKF0GF9E=
golang.conradwood.net/apis/deploymonkey v1.1.2778/go.mod h1:ZRusX0hy5wyJkYHfmOH17Wi3YAarmjp8opb6e8+/wbU=
golang.conradwood.net/apis/echoservice v1.1.2675 h1:5xhplCZYNuIt6OnYORHxjrrMke8YDlfPlBmQplrc2yk=
golang.conradwood.net/apis/echoservice v1.1.2675/go.mod h1:sS4lqdaCzxr7UYWD6OXLZPhlo1K3tE78nV11H9veVgU=
golang.conradwood.net/apis/echoservice v1.1.2778 h1:ifH8acwXBJTNxIIBe4UqEzVNkN94GXDH95eMmodcgso=
golang.conradwood.net/apis/echoservice v1.1.2778/go.mod h1:/a9HRjkLxukMyHF53wSBcbrMOiCtfbYq3XAG0EyGD5w=
golang.conradwood.net/apis/errorlogger v1.1.2675 h1:pkP5CgqV6wtZHLOBfmCUWrKYpGS9qOF9hSkGgnEI3uI=
golang.conradwood.net/apis/errorlogger v1.1.2675/go.mod h1:rhmoRutb/XXhVoPhFTeDMrbcRCGWuyQUZu5J17f8faY=
golang.conradwood.net/apis/errorlogger v1.1.2778 h1:g6e4cRPUNGPYOpw7yKDHZsKdX+X7oWU+fBiaAjEZVzM=
golang.conradwood.net/apis/errorlogger v1.1.2778/go.mod h1:zmSoF5ySTbQwM7vnTbgHRIJZVa+XCxXRMiy3DuL5xCM=
golang.conradwood.net/apis/framework v1.1.2675 h1:vGkHvgb/DHZBEOm6Ujkh9hcC58gi4LOVojfAb4km0lg=
golang.conradwood.net/apis/framework v1.1.2675/go.mod h1:Wk0hDmL9ZM1HoOE97m5lSmUdRuXJGxRVb0HUL3nQ9k4=
golang.conradwood.net/apis/framework v1.1.2778 h1:DvenyfShwV3oAasDLoAl48CoIZPVxGdHe5V67tAzZSQ=
golang.conradwood.net/apis/framework v1.1.2778/go.mod h1:EZ5IlaGmzm0p8PzGJXKxz3HWUI1VeGhiu3SEDScFQ9Y=
golang.conradwood.net/apis/gitbuilder v1.1.2675 h1:nwNTzuj045KVjwAtJyERr0ZyaArDXOS9EzvZQiWnLSc=
golang.conradwood.net/apis/gitbuilder v1.1.2675/go.mod h1:MnhwQem1HShP/T7zPqQLacvGm426KlNFrTU5bFKOUKk=
golang.conradwood.net/apis/gitbuilder v1.1.2778 h1:cRdfvPcXSiOtPCbPddUVKciCwIIXcbLM3UX1AxqeZG4=
golang.conradwood.net/apis/gitbuilder v1.1.2778/go.mod h1:NBVyjnxZVhLq2NKXAaArRNK3lez+ILrA8W+l+J4mFcw=
golang.conradwood.net/apis/goeasyops v1.1.2712 h1:olcKABwcpgN3dNc3cS9rhgDUBxD76J0sD1i5Ukq4cZo=
golang.conradwood.net/apis/goeasyops v1.1.2712/go.mod h1:gK51IP1Kwp3J+1kkQxN3dZ8yB0V/6QC5GrW6YCfG4Mk=
golang.conradwood.net/apis/goeasyops v1.1.2778 h1:JL+aYqnJyV9WU4WwdenGedIOIbuKRPQTkaQ5TLsAA6c=
golang.conradwood.net/apis/goeasyops v1.1.2778/go.mod h1:f7hdWs0rGwXjiok1sRadtuibgyPXUz3VeZV0GtRzrtg=
golang.conradwood.net/apis/h2gproxy v1.1.2675 h1:1plJXr6MqvmeYRaXzO5YFIfEqCblk27SOnkfsxjQms4=
golang.conradwood.net/apis/h2gproxy v1.1.2675/go.mod h1:jPwFbJPXVxB6ml6ZWVuHddUKrIds9RokJR9mY2g8idg=
golang.conradwood.net/apis/h2gproxy v1.1.2778 h1:4xVbl1yX3edyWuI+zId0Wj4K743ZYjSOOCPvTCJXNkE=
golang.conradwood.net/apis/h2gproxy v1.1.2778/go.mod h1:aL0mbqtcyLJONNoc+emW5NZe6DFYVJN9FDd/F0lEMBg=
golang.conradwood.net/apis/objectauth v1.1.2675 h1:WTUd8VS2b6/GUO1UG7rRjuXeTs0/4ciP0VqBcytbyec=
golang.conradwood.net/apis/objectauth v1.1.2675/go.mod h1:+pC1LLR/CFQ3owseGxBgZfPMbAZ7gjzVCSJnNj3H8Dc=
golang.conradwood.net/apis/objectauth v1.1.2778 h1:9B8p3iQgY3Eq1saQKdemfazrmO5yaSv8+XsX2Lt7hmE=
golang.conradwood.net/apis/objectauth v1.1.2778/go.mod h1:YPYGM3QTasmJEeFRf6g10GmpOR1SrjuC6qCHVFC9uug=
golang.conradwood.net/apis/objectstore v1.1.2675 h1:waWOwDNavRPwr70NOmhWbdNv9v75Sr+fj6dR7Aj2zkU=
golang.conradwood.net/apis/objectstore v1.1.2675/go.mod h1:irIVBp1Yg1rT3eAVcUujHEsrwzBpam7LawHK+OpcOfg=
golang.conradwood.net/apis/objectstore v1.1.2778 h1:4fSoVm3sMFYhmT5sAWoObkXXfnp652UdF2LC+F4IQmc=
golang.conradwood.net/apis/objectstore v1.1.2778/go.mod h1:Clos9HqFQc5sVxVpl7UP+tgQZeaGCmZn+6nxQ0SD1pk=
golang.conradwood.net/apis/registry v1.1.2675 h1:lkjZBKUaPuot1j4SS5rqPBsFby8Sa4IK27obrfTS1Rw=
golang.conradwood.net/apis/registry v1.1.2675/go.mod h1:owJyB3LRs5ETgQyGSg8oafpMdsDqEQolW+FiiQSzRJ0=
golang.conradwood.net/apis/registry v1.1.2778 h1:Wz7j98RgDr+0rJmmIQ29uoS6e4GwwOsTDovQ7NIo6QU=
golang.conradwood.net/apis/registry v1.1.2778/go.mod h1:B8adADTZ+OE7CJoHqZfvsNmgUvgQeejM6mLSuw12Qa4=
golang.conradwood.net/apis/slackgateway v1.1.2675 h1:j0PSnkGJ8h8oAyFZJCXXe/gOy9QZG3zG4qOcVCjQ+PE=
golang.conradwood.net/apis/slackgateway v1.1.2675/go.mod h1:6RxNVLQaw+H/H62h/NPW5Bx9lj0efplqkOmkHKEOqc4=
golang.conradwood.net/apis/slackgateway v1.1.2778 h1:dnj69rzZO45xV5h66vM8TkEP7IVHbTTuvNjBaCCVNQU=
golang.conradwood.net/apis/slackgateway v1.1.2778/go.mod h1:J84qj0xD4IaalsIaec1qQ30vywlaexwRAqYDTeKNYWc=
golang.conradwood.net/go-easyops v0.1.23053 h1:5mWmy0LdkW+Shgay4rhHvCTRMU7V6y5pBGx7T6XWir8=
golang.conradwood.net/go-easyops v0.1.23053/go.mod h1:jOiUioioTA9xzTgGHB/B5SeASEo8HhKKKWttAmvhPmU=
golang.org/x/net v0.18.0 h1:mIYleuAkSbHh0tCv7RvjL3F6ZVbLjq4+R7zbOn3Kokg=
golang.org/x/net v0.18.0/go.mod h1:/czyP5RqHAH4odGYxBJ1qz0+CE5WZ+2j1YgoEo8F2jQ=
golang.org/x/net v0.20.0 h1:aCL9BSgETF1k+blQaYUBx9hJ9LOGP3gAVemcZlf1Kpo=
golang.org/x/net v0.20.0/go.mod h1:z8BVo6PvndSri0LbOE3hAn0apkU+1YvI6E70E9jsnvY=
golang.org/x/sync v0.0.0-20181221193216-37e7f081c4d4/go.mod h1:RxMgew5VJxzue5/jJTE5uejpjVlOe/izrB70Jof72aM=
golang.org/x/sys v0.14.0 h1:Vz7Qs629MkJkGyHxUlRHizWJRG2j8fbQKjELVSNhy7Q=
golang.org/x/sys v0.14.0/go.mod h1:/VUhepiaJMQUp4+oa/7Zr1D23ma6VTLIYjOOTFZPUcA=
golang.org/x/sys v0.16.0 h1:xWw16ngr6ZMtmxDyKyIgsE93KNKz5HKmMa3b8ALHidU=
golang.org/x/sys v0.16.0/go.mod h1:/VUhepiaJMQUp4+oa/7Zr1D23ma6VTLIYjOOTFZPUcA=
golang.org/x/text v0.14.0 h1:ScX5w1eTa3QqT8oi6+ziP7dTV1S2+ALU0bI+0zXKWiQ=
golang.org/x/text v0.14.0/go.mod h1:18ZOQIKpY8NJVqYksKHtTdi31H5itFRjB5/qKTNYzSU=
golang.org/x/xerrors v0.0.0-20191204190536-9bdfabe68543/go.mod h1:I/5z698sn9Ka8TeJc9MKroUUfqBBauWjQqLJ2OPfmY0=
golang.yacloud.eu/apis/fscache v1.1.2675 h1:+7DradcDbiQaaaUWveftb4xpsGNQON45t78oa5iQIPE=
golang.yacloud.eu/apis/fscache v1.1.2675/go.mod h1:zaWa51hAGUtfzgdoJJkEjSc7Gar1YcbA/e4lVZPX8O4=
golang.yacloud.eu/apis/fscache v1.1.2778 h1:h+8ZjWKi6B8VX6K+BT+UwvKMLOqrjtKHsGs83g77LIs=
golang.yacloud.eu/apis/fscache v1.1.2778/go.mod h1:+4DwFGY7kRjgfk/weYZly5mn9lCqTBLddPbnlPEFk2c=
golang.yacloud.eu/apis/session v1.1.2712 h1:DbUQxH1AMIB15BtKnthsAjEz4X0uZxDtcNkcSslbs2Q=
golang.yacloud.eu/apis/session v1.1.2712/go.mod h1:ADz4gPaFANZN5Vb+qZ6TqmDmeTad9eoeeujfSGO+tTg=
golang.yacloud.eu/apis/session v1.1.2778 h1:VmeNrKKHbEecUsf62YLWz4Pw9QRCs97ntRAPacxN10U=
golang.yacloud.eu/apis/session v1.1.2778/go.mod h1:bcTUYa69siyy6JXI1a9/WogT9L2CvQICAF2YhRq3gmU=
golang.yacloud.eu/apis/urlcacher v1.1.2675 h1:6MuBl8IO0EIDhJdIWzNNOMuhNjBHwuOhYAYyQsXBPnY=
golang.yacloud.eu/apis/urlcacher v1.1.2675/go.mod h1:j5JMAwMPHr+mu4DIXK+TMTY1mVpKsFkEq/yqTGqIf8k=
golang.yacloud.eu/apis/urlcacher v1.1.2778 h1:ukY2T1O5wkyhRX/4lz8nYAdfoB153UX2R2RSmb7ISUc=
golang.yacloud.eu/apis/urlcacher v1.1.2778/go.mod h1:HZPLFs8+Q1wd/5SgOmNbq7TfJ+mvv202VrOEZ5ynC8Y=
google.golang.org/genproto v0.0.0-20231002182017-d307bd883b97 h1:SeZZZx0cP0fqUyA+oRzP9k7cSwJlvDFiROO72uwD6i0=
google.golang.org/genproto/googleapis/rpc v0.0.0-20230822172742-b8732ec3820d h1:uvYuEyMHKNt+lT4K3bN6fGswmK8qSvcreM3BwjDh+y4=
google.golang.org/genproto/googleapis/rpc v0.0.0-20230822172742-b8732ec3820d/go.mod h1:+Bk1OCOj40wS2hwAMA+aCW9ypzm63QTBBHp6lQ3p+9M=
google.golang.org/genproto/googleapis/rpc v0.0.0-20231002182017-d307bd883b97 h1:6GQBEOdGkX6MMTLT9V+TjtIRZCw9VPD5Z+yHY9wMgS0=
google.golang.org/genproto/googleapis/rpc v0.0.0-20231002182017-d307bd883b97/go.mod h1:v7nGkzlmW8P3n/bKmWBn2WpBjpOEx8Q6gMueudAmKfY=
google.golang.org/grpc v1.59.0 h1:Z5Iec2pjwb+LEOqzpB2MR12/eKFhDPhuqW91O+4bwUk=
google.golang.org/grpc v1.59.0/go.mod h1:aUPDwccQo6OTjy7Hct4AfBPD1GptF4fyUjIkQ9YtF98=
google.golang.org/grpc v1.60.1 h1:26+wFr+cNqSGFcOXcabYC0lUVJVRa2Sb2ortSK7VrEU=
google.golang.org/grpc v1.60.1/go.mod h1:OlCHIeLYqSSsLi6i49B5QGdzaMZK9+M7LXN2FKz4eGM=
google.golang.org/protobuf v1.26.0-rc.1/go.mod h1:jlhhOSvTdKEhbULTjvd4ARK9grFBp09yW+WbY/TyQbw=
google.golang.org/protobuf v1.26.0/go.mod h1:9q0QmTI4eRPtz6boOQmLYwt+qCgq0jsYwAQnmE0givc=
google.golang.org/protobuf v1.31.0 h1:g0LDEJHgrBl9N9r17Ru3sqWhkIx2NB67okBHPwC7hs8=
google.golang.org/protobuf v1.31.0/go.mod h1:HV8QOd/L58Z+nl8r43ehVNZIU/HEI6OcFqwMG9pJV4I=
google.golang.org/protobuf v1.32.0 h1:pPC6BG5ex8PDFnkbrGU3EixyhKcQ2aDuBS36lqK/C7I=
google.golang.org/protobuf v1.32.0/go.mod h1:c6P6GXX6sHbq/GpV6MGZEdwhWPcYBgnhAHhKbcUYpos=
gopkg.in/check.v1 v0.0.0-20161208181325-20d25e280405/go.mod h1:Co6ibVJAznAaIkqp8huTwlJQCZ016jof/cbN4VW5Yz0=
gopkg.in/check.v1 v1.0.0-20201130134442-10cb98267c6c h1:Hei/4ADfdWqJk1ZMxUNpqntNwaWcugrBjAiHlqqRiVk=
gopkg.in/yaml.v2 v2.4.0 h1:D8xgwECY7CYvx+Y2n4sBz93Jn9JRvxdiyyo8CTfuKaY=
gopkg.in/yaml.v2 v2.4.0/go.mod h1:RDklbk79AGWmwhnvt/jBztapEOGDOx6ZbXqjP6csGnQ=
gopkg.in/yaml.v3 v3.0.1 h1:fxVm/GzAzEWqLHuvctI91KS9hhNmmWOoWu0XTYJS7CA=
gopkg.in/yaml.v3 v3.0.1/go.mod h1:K4uyk7z7BCEPqu6E+C64Yfv1cQ7kz7rIZviUmN+EgEM=
